
Microsoft Visual Studio Solution File, Format Version 12.00
# Visual Studio Version 16
VisualStudioVersion = 16.0.31624.102
MinimumVisualStudioVersion = 10.0.40219.1
Project("{FAE04EC0-301F-11D3-BF4B-00C04F79EFBC}") = "VNPOST", "VNPOST\VNPOST.csproj", "{0EEF80F4-AD31-47C8-886D-40DA5554D7F5}"
EndProject
Project("{9A19103F-16F7-4668-BE54-9A1E7A4F7556}") = "VNPOSTWebUI", "VNPOSTWebUI\VNPOSTWebUI.csproj", "{9193C9B4-F973-4618-B488-7B92A9C120F8}"
EndProject
Project("{9A19103F-16F7-4668-BE54-9A1E7A4F7556}") = "VNPOSTWebUILibrary", "VNPOSTWebUILibrary\VNPOSTWebUILibrary.csproj", "{B1C91D5D-75C3-40A5-A220-08E83C62C4EC}"
EndProject
Global
	GlobalSection(SolutionConfigurationPlatforms) = preSolution
		Debug|Any CPU = Debug|Any CPU
		Release|Any CPU = Release|Any CPU
	EndGlobalSection
	GlobalSection(ProjectConfigurationPlatforms) = postSolution
		{0EEF80F4-AD31-47C8-886D-40DA5554D7F5}.Debug|Any CPU.ActiveCfg = Debug|Any CPU
		{0EEF80F4-AD31-47C8-886D-40DA5554D7F5}.Debug|Any CPU.Build.0 = Debug|Any CPU
		{0EEF80F4-AD31-47C8-886D-40DA5554D7F5}.Release|Any CPU.ActiveCfg = Release|Any CPU
		{0EEF80F4-AD31-47C8-886D-40DA5554D7F5}.Release|Any CPU.Build.0 = Release|Any CPU
		{9193C9B4-F973-4618-B488-7B92A9C120F8}.Debug|Any CPU.ActiveCfg = Debug|Any CPU
		{9193C9B4-F973-4618-B488-7B92A9C120F8}.Debug|Any CPU.Build.0 = Debug|Any CPU
		{9193C9B4-F973-4618-B488-7B92A9C120F8}.Release|Any CPU.ActiveCfg = Release|Any CPU
		{9193C9B4-F973-4618-B488-7B92A9C120F8}.Release|Any CPU.Build.0 = Release|Any CPU
		{B1C91D5D-75C3-40A5-A220-08E83C62C4EC}.Debug|Any CPU.ActiveCfg = Debug|Any CPU
		{B1C91D5D-75C3-40A5-A220-08E83C62C4EC}.Debug|Any CPU.Build.0 = Debug|Any CPU
		{B1C91D5D-75C3-40A5-A220-08E83C62C4EC}.Release|Any CPU.ActiveCfg = Release|Any CPU
		{B1C91D5D-75C3-40A5-A220-08E83C62C4EC}.Release|Any CPU.Build.0 = Release|Any CPU
	EndGlobalSection
	GlobalSection(SolutionProperties) = preSolution
		HideSolutionNode = FALSE
	EndGlobalSection
	GlobalSection(ExtensibilityGlobals) = postSolution
		SolutionGuid = {1852FE9E-754A-42A0-8C09-189E21458222}
	EndGlobalSection
EndGlobal
